
Microsoft Visual Studio Solution File, Format Version 12.00
# Visual Studio Version 16
VisualStudioVersion = 16.0.31911.196
MinimumVisualStudioVersion = 10.0.40219.1
Project("{FAE04EC0-301F-11D3-BF4B-00C04F79EFBC}") = "exercise1", "exercise1\exercise1.csproj", "{14EABDED-F0B8-4B68-A4D6-83CA8C3AA3BC}"
EndProject
Global
	GlobalSection(SolutionConfigurationPlatforms) = preSolution
		Debug|Any CPU = Debug|Any CPU
		Release|Any CPU = Release|Any CPU
	EndGlobalSection
	GlobalSection(ProjectConfigurationPlatforms) = postSolution
		{14EABDED-F0B8-4B68-A4D6-83CA8C3AA3BC}.Debug|Any CPU.ActiveCfg = Debug|Any CPU
		{14EABDED-F0B8-4B68-A4D6-83CA8C3AA3BC}.Debug|Any CPU.Build.0 = Debug|Any CPU
		{14EABDED-F0B8-4B68-A4D6-83CA8C3AA3BC}.Release|Any CPU.ActiveCfg = Release|Any CPU
		{14EABDED-F0B8-4B68-A4D6-83CA8C3AA3BC}.Release|Any CPU.Build.0 = Release|Any CPU
	EndGlobalSection
	GlobalSection(SolutionProperties) = preSolution
		HideSolutionNode = FALSE
	EndGlobalSection
	GlobalSection(ExtensibilityGlobals) = postSolution
		SolutionGuid = {BF98D47C-0041-4D51-87F4-D227FE3EC07D}
	EndGlobalSection
EndGlobal
